
Microsoft Visual Studio Solution File, Format Version 12.00
# Visual Studio Version 16
VisualStudioVersion = 16.0.34601.136
MinimumVisualStudioVersion = 10.0.40219.1
Project("{FAE04EC0-301F-11D3-BF4B-00C04F79EFBC}") = "total_commander", "total_commander\total_commander.csproj", "{885E8973-6B3F-435D-87D9-14DFA6E06E5C}"
EndProject
Global
	GlobalSection(SolutionConfigurationPlatforms) = preSolution
		Debug|Any CPU = Debug|Any CPU
		Release|Any CPU = Release|Any CPU
	EndGlobalSection
	GlobalSection(ProjectConfigurationPlatforms) = postSolution
		{885E8973-6B3F-435D-87D9-14DFA6E06E5C}.Debug|Any CPU.ActiveCfg = Debug|Any CPU
		{885E8973-6B3F-435D-87D9-14DFA6E06E5C}.Debug|Any CPU.Build.0 = Debug|Any CPU
		{885E8973-6B3F-435D-87D9-14DFA6E06E5C}.Release|Any CPU.ActiveCfg = Release|Any CPU
		{885E8973-6B3F-435D-87D9-14DFA6E06E5C}.Release|Any CPU.Build.0 = Release|Any CPU
	EndGlobalSection
	GlobalSection(SolutionProperties) = preSolution
		HideSolutionNode = FALSE
	EndGlobalSection
	GlobalSection(ExtensibilityGlobals) = postSolution
		SolutionGuid = {0011BDF5-D4AB-4B2D-BB3B-7D8FB8F9ACDE}
	EndGlobalSection
EndGlobal
